# This file was autogenerated by Stack.
# You should not edit this file by hand.
# For more information, please see the documentation at:
#   https://docs.haskellstack.org/en/stable/lock_files

packages:
- completed:
    hackage: Cabal-3.0.2.0@sha256:f45ee078a8529d1ad3993767345ac83304c7f2ff5eec02c455a1dc200ad22c67,26714
    pantry-tree:
      size: 40207
      sha256: 653461a4e58b10a6ef9d6ed5e07b1f8839ed46b4673133ecbe3899a48d6b983b
  original:
    hackage: Cabal-3.0.2.0
- completed:
    hackage: polysemy-1.4.0.0@sha256:0245a046eaf936557d4208b5a355df1a20799c9e274f91fa889ab2644ecbabae,6541
    pantry-tree:
      size: 4379
      sha256: babfd86f145bc6017f7b8c20e46266ab3a3bb5d5d415d8cf651036b11e57465a
  original:
    hackage: polysemy-1.4.0.0
snapshots:
- completed:
    size: 558061
    url: https://raw.githubusercontent.com/commercialhaskell/stackage-snapshots/master/nightly/2020/12/14.yaml
    sha256: 0c80697b1db876c0ab31b43e42be53f886657a336eca59c73c361078e631d65b
  original: nightly-2020-12-14
